
Microsoft Visual Studio Solution File, Format Version 12.00
# Visual Studio Version 17
VisualStudioVersion = 17.9.34701.34
MinimumVisualStudioVersion = 10.0.40219.1
Project("{9A19103F-16F7-4668-BE54-9A1E7A4F7556}") = "DotNetTraining.ConsoleApp", "DotNetTraining.ConsoleApp\DotNetTraining.ConsoleApp.csproj", "{A8B36548-77D1-41D1-8E74-BA3EAA54C3EC}"
EndProject
Project("{9A19103F-16F7-4668-BE54-9A1E7A4F7556}") = "DotNetTraining.WebApi", "DotNetTraining.WebApi\DotNetTraining.WebApi.csproj", "{89E26A09-D52D-478C-B404-67B9D9BBD497}"
EndProject
Project("{9A19103F-16F7-4668-BE54-9A1E7A4F7556}") = "DotNetTraining.BirdWebApi", "DotNetTraining.BirdWebApi\DotNetTraining.BirdWebApi.csproj", "{99F86CD0-2931-4878-9751-120AE151303E}"
EndProject
Project("{FAE04EC0-301F-11D3-BF4B-00C04F79EFBC}") = "DotNetTraining.MvcApp", "DotNetTraining.MvcApp\DotNetTraining.MvcApp.csproj", "{B7ED6831-CF72-48B2-9C7E-A354CC4AA5C0}"
EndProject
Global
	GlobalSection(SolutionConfigurationPlatforms) = preSolution
		Debug|Any CPU = Debug|Any CPU
		Release|Any CPU = Release|Any CPU
	EndGlobalSection
	GlobalSection(ProjectConfigurationPlatforms) = postSolution
		{A8B36548-77D1-41D1-8E74-BA3EAA54C3EC}.Debug|Any CPU.ActiveCfg = Debug|Any CPU
		{A8B36548-77D1-41D1-8E74-BA3EAA54C3EC}.Debug|Any CPU.Build.0 = Debug|Any CPU
		{A8B36548-77D1-41D1-8E74-BA3EAA54C3EC}.Release|Any CPU.ActiveCfg = Release|Any CPU
		{A8B36548-77D1-41D1-8E74-BA3EAA54C3EC}.Release|Any CPU.Build.0 = Release|Any CPU
		{89E26A09-D52D-478C-B404-67B9D9BBD497}.Debug|Any CPU.ActiveCfg = Debug|Any CPU
		{89E26A09-D52D-478C-B404-67B9D9BBD497}.Debug|Any CPU.Build.0 = Debug|Any CPU
		{89E26A09-D52D-478C-B404-67B9D9BBD497}.Release|Any CPU.ActiveCfg = Release|Any CPU
		{89E26A09-D52D-478C-B404-67B9D9BBD497}.Release|Any CPU.Build.0 = Release|Any CPU
		{99F86CD0-2931-4878-9751-120AE151303E}.Debug|Any CPU.ActiveCfg = Debug|Any CPU
		{99F86CD0-2931-4878-9751-120AE151303E}.Debug|Any CPU.Build.0 = Debug|Any CPU
		{99F86CD0-2931-4878-9751-120AE151303E}.Release|Any CPU.ActiveCfg = Release|Any CPU
		{99F86CD0-2931-4878-9751-120AE151303E}.Release|Any CPU.Build.0 = Release|Any CPU
		{B7ED6831-CF72-48B2-9C7E-A354CC4AA5C0}.Debug|Any CPU.ActiveCfg = Debug|Any CPU
		{B7ED6831-CF72-48B2-9C7E-A354CC4AA5C0}.Debug|Any CPU.Build.0 = Debug|Any CPU
		{B7ED6831-CF72-48B2-9C7E-A354CC4AA5C0}.Release|Any CPU.ActiveCfg = Release|Any CPU
		{B7ED6831-CF72-48B2-9C7E-A354CC4AA5C0}.Release|Any CPU.Build.0 = Release|Any CPU
	EndGlobalSection
	GlobalSection(SolutionProperties) = preSolution
		HideSolutionNode = FALSE
	EndGlobalSection
	GlobalSection(ExtensibilityGlobals) = postSolution
		SolutionGuid = {41B01639-440B-4112-BF37-4FA0A5B7A7DE}
	EndGlobalSection
EndGlobal
